
Microsoft Visual Studio Solution File, Format Version 12.00
Project("{8BC9CEB8-8B4A-11D0-8D11-00A0C91BC942}") = "SpaceGame", "SpaceGame\SpaceGame.vcxproj", "{853CE381-B08C-458F-BB85-D41DDA2312B1}"
EndProject
Global
	GlobalSection(SolutionConfigurationPlatforms) = preSolution
		Debug|Win32 = Debug|Win32
		Debug|x64 = Debug|x64
		Release|Win32 = Release|Win32
		Release|x64 = Release|x64
	EndGlobalSection
	GlobalSection(ProjectConfigurationPlatforms) = postSolution
		{853CE381-B08C-458F-BB85-D41DDA2312B1}.Debug|Win32.ActiveCfg = Debug|Win32
		{853CE381-B08C-458F-BB85-D41DDA2312B1}.Debug|Win32.Build.0 = Debug|Win32
		{853CE381-B08C-458F-BB85-D41DDA2312B1}.Debug|x64.ActiveCfg = Debug|x64
		{853CE381-B08C-458F-BB85-D41DDA2312B1}.Debug|x64.Build.0 = Debug|x64
		{853CE381-B08C-458F-BB85-D41DDA2312B1}.Release|Win32.ActiveCfg = Release|Win32
		{853CE381-B08C-458F-BB85-D41DDA2312B1}.Release|Win32.Build.0 = Release|Win32
		{853CE381-B08C-458F-BB85-D41DDA2312B1}.Release|x64.ActiveCfg = Release|x64
		{853CE381-B08C-458F-BB85-D41DDA2312B1}.Release|x64.Build.0 = Release|x64
	EndGlobalSection
EndGlobal
